
Microsoft Visual Studio Solution File, Format Version 12.00
# Visual Studio Version 17
VisualStudioVersion = 17.14.36429.23 d17.14
MinimumVisualStudioVersion = 10.0.40219.1
Project("{2150E333-8FDC-42A3-9474-1A3956D46DE8}") = "Task0", "Task0", "{36D591C7-65C7-A0D1-1CBC-10CDE441BDC8}"
EndProject
Project("{FAE04EC0-301F-11D3-BF4B-00C04F79EFBC}") = "Tyuiu.RochevYA.Sprint1.Task0.V29", "Task0\Tyuiu.RochevYA.Sprint1.Task0.V29\Tyuiu.RochevYA.Sprint1.Task0.V29.csproj", "{41F6D7EC-22EB-410C-A0FA-A4B0E432A8CF}"
EndProject
Project("{FAE04EC0-301F-11D3-BF4B-00C04F79EFBC}") = "Tyuiu.RochevYA.Sprint1.Task0.V29.Lib", "Task0\Tyuiu.RochevYA.Sprint1.Task0.V29.Lib\Tyuiu.RochevYA.Sprint1.Task0.V29.Lib.csproj", "{99BE95EC-5464-4CE6-A487-BD809EC94E1D}"
EndProject
Project("{FAE04EC0-301F-11D3-BF4B-00C04F79EFBC}") = "Tyuiu.RochevYA.Sprint1.Task0.V29.Test", "Task0\Tyuiu.RochevYA.Sprint1.Task0.V29.Test\Tyuiu.RochevYA.Sprint1.Task0.V29.Test.csproj", "{66A7D73E-C9E1-4F8B-B08B-3DDFA188EC6F}"
EndProject
Global
	GlobalSection(SolutionConfigurationPlatforms) = preSolution
		Debug|Any CPU = Debug|Any CPU
		Release|Any CPU = Release|Any CPU
	EndGlobalSection
	GlobalSection(ProjectConfigurationPlatforms) = postSolution
		{41F6D7EC-22EB-410C-A0FA-A4B0E432A8CF}.Debug|Any CPU.ActiveCfg = Debug|Any CPU
		{41F6D7EC-22EB-410C-A0FA-A4B0E432A8CF}.Debug|Any CPU.Build.0 = Debug|Any CPU
		{41F6D7EC-22EB-410C-A0FA-A4B0E432A8CF}.Release|Any CPU.ActiveCfg = Release|Any CPU
		{41F6D7EC-22EB-410C-A0FA-A4B0E432A8CF}.Release|Any CPU.Build.0 = Release|Any CPU
		{99BE95EC-5464-4CE6-A487-BD809EC94E1D}.Debug|Any CPU.ActiveCfg = Debug|Any CPU
		{99BE95EC-5464-4CE6-A487-BD809EC94E1D}.Debug|Any CPU.Build.0 = Debug|Any CPU
		{99BE95EC-5464-4CE6-A487-BD809EC94E1D}.Release|Any CPU.ActiveCfg = Release|Any CPU
		{99BE95EC-5464-4CE6-A487-BD809EC94E1D}.Release|Any CPU.Build.0 = Release|Any CPU
		{66A7D73E-C9E1-4F8B-B08B-3DDFA188EC6F}.Debug|Any CPU.ActiveCfg = Debug|Any CPU
		{66A7D73E-C9E1-4F8B-B08B-3DDFA188EC6F}.Debug|Any CPU.Build.0 = Debug|Any CPU
		{66A7D73E-C9E1-4F8B-B08B-3DDFA188EC6F}.Release|Any CPU.ActiveCfg = Release|Any CPU
		{66A7D73E-C9E1-4F8B-B08B-3DDFA188EC6F}.Release|Any CPU.Build.0 = Release|Any CPU
	EndGlobalSection
	GlobalSection(SolutionProperties) = preSolution
		HideSolutionNode = FALSE
	EndGlobalSection
	GlobalSection(NestedProjects) = preSolution
		{41F6D7EC-22EB-410C-A0FA-A4B0E432A8CF} = {36D591C7-65C7-A0D1-1CBC-10CDE441BDC8}
		{99BE95EC-5464-4CE6-A487-BD809EC94E1D} = {36D591C7-65C7-A0D1-1CBC-10CDE441BDC8}
		{66A7D73E-C9E1-4F8B-B08B-3DDFA188EC6F} = {36D591C7-65C7-A0D1-1CBC-10CDE441BDC8}
	EndGlobalSection
	GlobalSection(ExtensibilityGlobals) = postSolution
		SolutionGuid = {E46BE88D-EDF3-410D-B13B-E76950435519}
	EndGlobalSection
EndGlobal
